
Microsoft Visual Studio Solution File, Format Version 12.00
# Visual Studio Version 17
VisualStudioVersion = 17.4.33103.184
MinimumVisualStudioVersion = 10.0.40219.1
Project("{FAE04EC0-301F-11D3-BF4B-00C04F79EFBC}") = "ToDoApp_API", "ToDoApp_API\ToDoApp_API.csproj", "{83E516D3-95F3-4EC0-98E2-57F96105408D}"
EndProject
Global
	GlobalSection(SolutionConfigurationPlatforms) = preSolution
		Debug|Any CPU = Debug|Any CPU
		Release|Any CPU = Release|Any CPU
	EndGlobalSection
	GlobalSection(ProjectConfigurationPlatforms) = postSolution
		{83E516D3-95F3-4EC0-98E2-57F96105408D}.Debug|Any CPU.ActiveCfg = Debug|Any CPU
		{83E516D3-95F3-4EC0-98E2-57F96105408D}.Debug|Any CPU.Build.0 = Debug|Any CPU
		{83E516D3-95F3-4EC0-98E2-57F96105408D}.Release|Any CPU.ActiveCfg = Release|Any CPU
		{83E516D3-95F3-4EC0-98E2-57F96105408D}.Release|Any CPU.Build.0 = Release|Any CPU
	EndGlobalSection
	GlobalSection(SolutionProperties) = preSolution
		HideSolutionNode = FALSE
	EndGlobalSection
	GlobalSection(ExtensibilityGlobals) = postSolution
		SolutionGuid = {E331E15F-27B7-4FED-8190-682CA92B2928}
	EndGlobalSection
EndGlobal
